// !$*UTF8*$!
{
	archiveVersion = 1;
	classes = {
	};
	objectVersion = 55;
	objects = {

/* Begin PBXBuildFile section */
		3A41FB7C287A213E0079E970 /* VirpazarApp.swift in Sources */ = {isa = PBXBuildFile; fileRef = 3A41FB7B287A213E0079E970 /* VirpazarApp.swift */; };
		3A41FB7E287A213E0079E970 /* ContentView.swift in Sources */ = {isa = PBXBuildFile; fileRef = 3A41FB7D287A213E0079E970 /* ContentView.swift */; };
		3A41FB80287A21400079E970 /* Assets.xcassets in Resources */ = {isa = PBXBuildFile; fileRef = 3A41FB7F287A21400079E970 /* Assets.xcassets */; };
		3A41FB83287A21400079E970 /* Preview Assets.xcassets in Resources */ = {isa = PBXBuildFile; fileRef = 3A41FB82287A21400079E970 /* Preview Assets.xcassets */; };
		3A41FB85287A21400079E970 /* PersistenceController.swift in Sources */ = {isa = PBXBuildFile; fileRef = 3A41FB84287A21400079E970 /* PersistenceController.swift */; };
		3A41FB88287A21400079E970 /* Virpazar.xcdatamodeld in Sources */ = {isa = PBXBuildFile; fileRef = 3A41FB86287A21400079E970 /* Virpazar.xcdatamodeld */; };
		3A41FB92287A21400079E970 /* VirpazarTests.swift in Sources */ = {isa = PBXBuildFile; fileRef = 3A41FB91287A21400079E970 /* VirpazarTests.swift */; };
		3A41FB9C287A21400079E970 /* VirpazarUITests.swift in Sources */ = {isa = PBXBuildFile; fileRef = 3A41FB9B287A21400079E970 /* VirpazarUITests.swift */; };
		3A41FB9E287A21400079E970 /* VirpazarUITestsLaunchTests.swift in Sources */ = {isa = PBXBuildFile; fileRef = 3A41FB9D287A21400079E970 /* VirpazarUITestsLaunchTests.swift */; };
		3A41FC0D287A3C050079E970 /* NSManagedObject+rawValue.swift in Sources */ = {isa = PBXBuildFile; fileRef = 3A41FC0C287A3C050079E970 /* NSManagedObject+rawValue.swift */; };
		3A41FC17287A40E00079E970 /* Currency.swift in Sources */ = {isa = PBXBuildFile; fileRef = 3A41FC16287A40E00079E970 /* Currency.swift */; };
		3A41FC1C287A44860079E970 /* EntityRecord+CoreDataClass.swift in Sources */ = {isa = PBXBuildFile; fileRef = 3A41FC18287A44860079E970 /* EntityRecord+CoreDataClass.swift */; };
		3A41FC1E287A44860079E970 /* Category+CoreDataClass.swift in Sources */ = {isa = PBXBuildFile; fileRef = 3A41FC1A287A44860079E970 /* Category+CoreDataClass.swift */; };
		3A41FC21287A471B0079E970 /* CategoryColor.swift in Sources */ = {isa = PBXBuildFile; fileRef = 3A41FC20287A471B0079E970 /* CategoryColor.swift */; };
		3A41FC23287A47680079E970 /* RecordType.swift in Sources */ = {isa = PBXBuildFile; fileRef = 3A41FC22287A47680079E970 /* RecordType.swift */; };
		3A41FC25287A48510079E970 /* CategoryView.swift in Sources */ = {isa = PBXBuildFile; fileRef = 3A41FC24287A48510079E970 /* CategoryView.swift */; };
		3A41FC2D287A4C3F0079E970 /* StubProvider.swift in Sources */ = {isa = PBXBuildFile; fileRef = 3A41FC2C287A4C3F0079E970 /* StubProvider.swift */; };
		3A41FC30287B66370079E970 /* Item+CoreDataClass.swift in Sources */ = {isa = PBXBuildFile; fileRef = 3A41FC2E287B66370079E970 /* Item+CoreDataClass.swift */; };
		3A41FC33287B6FE40079E970 /* DataProvider.swift in Sources */ = {isa = PBXBuildFile; fileRef = 3A41FC32287B6FE40079E970 /* DataProvider.swift */; };
		3A41FC35287B71CD0079E970 /* PersistencePreview.swift in Sources */ = {isa = PBXBuildFile; fileRef = 3A41FC34287B71CD0079E970 /* PersistencePreview.swift */; };
		3A681F4C287CBC70007A751D /* LocationObject.swift in Sources */ = {isa = PBXBuildFile; fileRef = 3A681F4B287CBC70007A751D /* LocationObject.swift */; };
		3A681F4E287CBD28007A751D /* LocationView.swift in Sources */ = {isa = PBXBuildFile; fileRef = 3A681F4D287CBD28007A751D /* LocationView.swift */; };
		3A681F58287CD639007A751D /* RecordFormView.swift in Sources */ = {isa = PBXBuildFile; fileRef = 3A681F57287CD639007A751D /* RecordFormView.swift */; };
		3A681F5C287CDA6C007A751D /* MainView.swift in Sources */ = {isa = PBXBuildFile; fileRef = 3A681F5B287CDA6C007A751D /* MainView.swift */; };
/* End PBXBuildFile section */

/* Begin PBXContainerItemProxy section */
		3A41FB8E287A21400079E970 /* PBXContainerItemProxy */ = {
			isa = PBXContainerItemProxy;
			containerPortal = 3A41FB70287A213E0079E970 /* Project object */;
			proxyType = 1;
			remoteGlobalIDString = 3A41FB77287A213E0079E970;
			remoteInfo = Virpazar;
		};
		3A41FB98287A21400079E970 /* PBXContainerItemProxy */ = {
			isa = PBXContainerItemProxy;
			containerPortal = 3A41FB70287A213E0079E970 /* Project object */;
			proxyType = 1;
			remoteGlobalIDString = 3A41FB77287A213E0079E970;
			remoteInfo = Virpazar;
		};
/* End PBXContainerItemProxy section */

/* Begin PBXFileReference section */
		3A41FB78287A213E0079E970 /* Virpazar.app */ = {isa = PBXFileReference; explicitFileType = wrapper.application; includeInIndex = 0; path = Virpazar.app; sourceTree = BUILT_PRODUCTS_DIR; };
		3A41FB7B287A213E0079E970 /* VirpazarApp.swift */ = {isa = PBXFileReference; lastKnownFileType = sourcecode.swift; path = VirpazarApp.swift; sourceTree = "<group>"; };
		3A41FB7D287A213E0079E970 /* ContentView.swift */ = {isa = PBXFileReference; lastKnownFileType = sourcecode.swift; path = ContentView.swift; sourceTree = "<group>"; };
		3A41FB7F287A21400079E970 /* Assets.xcassets */ = {isa = PBXFileReference; lastKnownFileType = folder.assetcatalog; path = Assets.xcassets; sourceTree = "<group>"; };
		3A41FB82287A21400079E970 /* Preview Assets.xcassets */ = {isa = PBXFileReference; lastKnownFileType = folder.assetcatalog; path = "Preview Assets.xcassets"; sourceTree = "<group>"; };
		3A41FB84287A21400079E970 /* PersistenceController.swift */ = {isa = PBXFileReference; lastKnownFileType = sourcecode.swift; path = PersistenceController.swift; sourceTree = "<group>"; };
		3A41FB87287A21400079E970 /* Virpazar.xcdatamodel */ = {isa = PBXFileReference; lastKnownFileType = wrapper.xcdatamodel; path = Virpazar.xcdatamodel; sourceTree = "<group>"; };
		3A41FB8D287A21400079E970 /* VirpazarTests.xctest */ = {isa = PBXFileReference; explicitFileType = wrapper.cfbundle; includeInIndex = 0; path = VirpazarTests.xctest; sourceTree = BUILT_PRODUCTS_DIR; };
		3A41FB91287A21400079E970 /* VirpazarTests.swift */ = {isa = PBXFileReference; lastKnownFileType = sourcecode.swift; path = VirpazarTests.swift; sourceTree = "<group>"; };
		3A41FB97287A21400079E970 /* VirpazarUITests.xctest */ = {isa = PBXFileReference; explicitFileType = wrapper.cfbundle; includeInIndex = 0; path = VirpazarUITests.xctest; sourceTree = BUILT_PRODUCTS_DIR; };
		3A41FB9B287A21400079E970 /* VirpazarUITests.swift */ = {isa = PBXFileReference; lastKnownFileType = sourcecode.swift; path = VirpazarUITests.swift; sourceTree = "<group>"; };
		3A41FB9D287A21400079E970 /* VirpazarUITestsLaunchTests.swift */ = {isa = PBXFileReference; lastKnownFileType = sourcecode.swift; path = VirpazarUITestsLaunchTests.swift; sourceTree = "<group>"; };
		3A41FC0C287A3C050079E970 /* NSManagedObject+rawValue.swift */ = {isa = PBXFileReference; lastKnownFileType = sourcecode.swift; path = "NSManagedObject+rawValue.swift"; sourceTree = "<group>"; };
		3A41FC16287A40E00079E970 /* Currency.swift */ = {isa = PBXFileReference; lastKnownFileType = sourcecode.swift; path = Currency.swift; sourceTree = "<group>"; };
		3A41FC18287A44860079E970 /* EntityRecord+CoreDataClass.swift */ = {isa = PBXFileReference; lastKnownFileType = sourcecode.swift; path = "EntityRecord+CoreDataClass.swift"; sourceTree = "<group>"; };
		3A41FC1A287A44860079E970 /* Category+CoreDataClass.swift */ = {isa = PBXFileReference; lastKnownFileType = sourcecode.swift; path = "Category+CoreDataClass.swift"; sourceTree = "<group>"; };
		3A41FC20287A471B0079E970 /* CategoryColor.swift */ = {isa = PBXFileReference; lastKnownFileType = sourcecode.swift; path = CategoryColor.swift; sourceTree = "<group>"; };
		3A41FC22287A47680079E970 /* RecordType.swift */ = {isa = PBXFileReference; lastKnownFileType = sourcecode.swift; path = RecordType.swift; sourceTree = "<group>"; };
		3A41FC24287A48510079E970 /* CategoryView.swift */ = {isa = PBXFileReference; lastKnownFileType = sourcecode.swift; path = CategoryView.swift; sourceTree = "<group>"; };
		3A41FC2C287A4C3F0079E970 /* StubProvider.swift */ = {isa = PBXFileReference; lastKnownFileType = sourcecode.swift; path = StubProvider.swift; sourceTree = "<group>"; };
		3A41FC2E287B66370079E970 /* Item+CoreDataClass.swift */ = {isa = PBXFileReference; lastKnownFileType = sourcecode.swift; path = "Item+CoreDataClass.swift"; sourceTree = "<group>"; };
		3A41FC32287B6FE40079E970 /* DataProvider.swift */ = {isa = PBXFileReference; lastKnownFileType = sourcecode.swift; path = DataProvider.swift; sourceTree = "<group>"; };
		3A41FC34287B71CD0079E970 /* PersistencePreview.swift */ = {isa = PBXFileReference; lastKnownFileType = sourcecode.swift; path = PersistencePreview.swift; sourceTree = "<group>"; };
		3A681F4B287CBC70007A751D /* LocationObject.swift */ = {isa = PBXFileReference; lastKnownFileType = sourcecode.swift; path = LocationObject.swift; sourceTree = "<group>"; };
		3A681F4D287CBD28007A751D /* LocationView.swift */ = {isa = PBXFileReference; lastKnownFileType = sourcecode.swift; path = LocationView.swift; sourceTree = "<group>"; };
		3A681F57287CD639007A751D /* RecordFormView.swift */ = {isa = PBXFileReference; lastKnownFileType = sourcecode.swift; path = RecordFormView.swift; sourceTree = "<group>"; };
		3A681F5B287CDA6C007A751D /* MainView.swift */ = {isa = PBXFileReference; lastKnownFileType = sourcecode.swift; path = MainView.swift; sourceTree = "<group>"; };
/* End PBXFileReference section */

/* Begin PBXFrameworksBuildPhase section */
		3A41FB75287A213E0079E970 /* Frameworks */ = {
			isa = PBXFrameworksBuildPhase;
			buildActionMask = 2147483647;
			files = (
			);
			runOnlyForDeploymentPostprocessing = 0;
		};
		3A41FB8A287A21400079E970 /* Frameworks */ = {
			isa = PBXFrameworksBuildPhase;
			buildActionMask = 2147483647;
			files = (
			);
			runOnlyForDeploymentPostprocessing = 0;
		};
		3A41FB94287A21400079E970 /* Frameworks */ = {
			isa = PBXFrameworksBuildPhase;
			buildActionMask = 2147483647;
			files = (
			);
			runOnlyForDeploymentPostprocessing = 0;
		};
/* End PBXFrameworksBuildPhase section */

/* Begin PBXGroup section */
		3A41FB6F287A213E0079E970 = {
			isa = PBXGroup;
			children = (
				3A41FB7A287A213E0079E970 /* Virpazar */,
				3A41FB90287A21400079E970 /* VirpazarTests */,
				3A41FB9A287A21400079E970 /* VirpazarUITests */,
				3A41FB79287A213E0079E970 /* Products */,
			);
			sourceTree = "<group>";
		};
		3A41FB79287A213E0079E970 /* Products */ = {
			isa = PBXGroup;
			children = (
				3A41FB78287A213E0079E970 /* Virpazar.app */,
				3A41FB8D287A21400079E970 /* VirpazarTests.xctest */,
				3A41FB97287A21400079E970 /* VirpazarUITests.xctest */,
			);
			name = Products;
			sourceTree = "<group>";
		};
		3A41FB7A287A213E0079E970 /* Virpazar */ = {
			isa = PBXGroup;
			children = (
				3A681F4A287CBC5E007A751D /* Managers */,
				3A41FC09287A38240079E970 /* DataModel */,
				3A41FC0B287A3BB90079E970 /* Extensions */,
				3A41FB81287A21400079E970 /* Preview Content */,
				3A41FC29287A4AED0079E970 /* Protocols */,
				3A41FC0A287A383C0079E970 /* Views */,
				3A41FB7B287A213E0079E970 /* VirpazarApp.swift */,
				3A41FB7F287A21400079E970 /* Assets.xcassets */,
			);
			path = Virpazar;
			sourceTree = "<group>";
		};
		3A41FB81287A21400079E970 /* Preview Content */ = {
			isa = PBXGroup;
			children = (
				3A41FB82287A21400079E970 /* Preview Assets.xcassets */,
			);
			path = "Preview Content";
			sourceTree = "<group>";
		};
		3A41FB90287A21400079E970 /* VirpazarTests */ = {
			isa = PBXGroup;
			children = (
				3A41FB91287A21400079E970 /* VirpazarTests.swift */,
			);
			path = VirpazarTests;
			sourceTree = "<group>";
		};
		3A41FB9A287A21400079E970 /* VirpazarUITests */ = {
			isa = PBXGroup;
			children = (
				3A41FB9B287A21400079E970 /* VirpazarUITests.swift */,
				3A41FB9D287A21400079E970 /* VirpazarUITestsLaunchTests.swift */,
			);
			path = VirpazarUITests;
			sourceTree = "<group>";
		};
		3A41FC09287A38240079E970 /* DataModel */ = {
			isa = PBXGroup;
			children = (
				3A41FC18287A44860079E970 /* EntityRecord+CoreDataClass.swift */,
				3A41FC1A287A44860079E970 /* Category+CoreDataClass.swift */,
				3A41FC2E287B66370079E970 /* Item+CoreDataClass.swift */,
				3A41FB84287A21400079E970 /* PersistenceController.swift */,
				3A41FC20287A471B0079E970 /* CategoryColor.swift */,
				3A41FC22287A47680079E970 /* RecordType.swift */,
				3A41FC16287A40E00079E970 /* Currency.swift */,
				3A41FB86287A21400079E970 /* Virpazar.xcdatamodeld */,
			);
			path = DataModel;
			sourceTree = "<group>";
		};
		3A41FC0A287A383C0079E970 /* Views */ = {
			isa = PBXGroup;
			children = (
				3A41FB7D287A213E0079E970 /* ContentView.swift */,
				3A41FC24287A48510079E970 /* CategoryView.swift */,
				3A41FC34287B71CD0079E970 /* PersistencePreview.swift */,
				3A681F4D287CBD28007A751D /* LocationView.swift */,
				3A681F57287CD639007A751D /* RecordFormView.swift */,
				3A681F5B287CDA6C007A751D /* MainView.swift */,
			);
			path = Views;
			sourceTree = "<group>";
		};
		3A41FC0B287A3BB90079E970 /* Extensions */ = {
			isa = PBXGroup;
			children = (
				3A41FC0C287A3C050079E970 /* NSManagedObject+rawValue.swift */,
			);
			path = Extensions;
			sourceTree = "<group>";
		};
		3A41FC29287A4AED0079E970 /* Protocols */ = {
			isa = PBXGroup;
			children = (
				3A41FC2C287A4C3F0079E970 /* StubProvider.swift */,
				3A41FC32287B6FE40079E970 /* DataProvider.swift */,
			);
			path = Protocols;
			sourceTree = "<group>";
		};
		3A681F4A287CBC5E007A751D /* Managers */ = {
			isa = PBXGroup;
			children = (
				3A681F4B287CBC70007A751D /* LocationObject.swift */,
			);
			path = Managers;
			sourceTree = "<group>";
		};
/* End PBXGroup section */

/* Begin PBXNativeTarget section */
		3A41FB77287A213E0079E970 /* Virpazar */ = {
			isa = PBXNativeTarget;
			buildConfigurationList = 3A41FBA1287A21400079E970 /* Build configuration list for PBXNativeTarget "Virpazar" */;
			buildPhases = (
				3A41FB74287A213E0079E970 /* Sources */,
				3A41FB75287A213E0079E970 /* Frameworks */,
				3A41FB76287A213E0079E970 /* Resources */,
			);
			buildRules = (
			);
			dependencies = (
			);
			name = Virpazar;
			productName = Virpazar;
			productReference = 3A41FB78287A213E0079E970 /* Virpazar.app */;
			productType = "com.apple.product-type.application";
		};
		3A41FB8C287A21400079E970 /* VirpazarTests */ = {
			isa = PBXNativeTarget;
			buildConfigurationList = 3A41FBA4287A21400079E970 /* Build configuration list for PBXNativeTarget "VirpazarTests" */;
			buildPhases = (
				3A41FB89287A21400079E970 /* Sources */,
				3A41FB8A287A21400079E970 /* Frameworks */,
				3A41FB8B287A21400079E970 /* Resources */,
			);
			buildRules = (
			);
			dependencies = (
				3A41FB8F287A21400079E970 /* PBXTargetDependency */,
			);
			name = VirpazarTests;
			productName = VirpazarTests;
			productReference = 3A41FB8D287A21400079E970 /* VirpazarTests.xctest */;
			productType = "com.apple.product-type.bundle.unit-test";
		};
		3A41FB96287A21400079E970 /* VirpazarUITests */ = {
			isa = PBXNativeTarget;
			buildConfigurationList = 3A41FBA7287A21400079E970 /* Build configuration list for PBXNativeTarget "VirpazarUITests" */;
			buildPhases = (
				3A41FB93287A21400079E970 /* Sources */,
				3A41FB94287A21400079E970 /* Frameworks */,
				3A41FB95287A21400079E970 /* Resources */,
			);
			buildRules = (
			);
			dependencies = (
				3A41FB99287A21400079E970 /* PBXTargetDependency */,
			);
			name = VirpazarUITests;
			productName = VirpazarUITests;
			productReference = 3A41FB97287A21400079E970 /* VirpazarUITests.xctest */;
			productType = "com.apple.product-type.bundle.ui-testing";
		};
/* End PBXNativeTarget section */

/* Begin PBXProject section */
		3A41FB70287A213E0079E970 /* Project object */ = {
			isa = PBXProject;
			attributes = {
				BuildIndependentTargetsInParallel = 1;
				LastSwiftUpdateCheck = 1340;
				LastUpgradeCheck = 1340;
				TargetAttributes = {
					3A41FB77287A213E0079E970 = {
						CreatedOnToolsVersion = 13.4.1;
					};
					3A41FB8C287A21400079E970 = {
						CreatedOnToolsVersion = 13.4.1;
						TestTargetID = 3A41FB77287A213E0079E970;
					};
					3A41FB96287A21400079E970 = {
						CreatedOnToolsVersion = 13.4.1;
						TestTargetID = 3A41FB77287A213E0079E970;
					};
				};
			};
			buildConfigurationList = 3A41FB73287A213E0079E970 /* Build configuration list for PBXProject "Virpazar" */;
			compatibilityVersion = "Xcode 13.0";
			developmentRegion = en;
			hasScannedForEncodings = 0;
			knownRegions = (
				en,
				Base,
			);
			mainGroup = 3A41FB6F287A213E0079E970;
			productRefGroup = 3A41FB79287A213E0079E970 /* Products */;
			projectDirPath = "";
			projectRoot = "";
			targets = (
				3A41FB77287A213E0079E970 /* Virpazar */,
				3A41FB8C287A21400079E970 /* VirpazarTests */,
				3A41FB96287A21400079E970 /* VirpazarUITests */,
			);
		};
/* End PBXProject section */

/* Begin PBXResourcesBuildPhase section */
		3A41FB76287A213E0079E970 /* Resources */ = {
			isa = PBXResourcesBuildPhase;
			buildActionMask = 2147483647;
			files = (
				3A41FB83287A21400079E970 /* Preview Assets.xcassets in Resources */,
				3A41FB80287A21400079E970 /* Assets.xcassets in Resources */,
			);
			runOnlyForDeploymentPostprocessing = 0;
		};
		3A41FB8B287A21400079E970 /* Resources */ = {
			isa = PBXResourcesBuildPhase;
			buildActionMask = 2147483647;
			files = (
			);
			runOnlyForDeploymentPostprocessing = 0;
		};
		3A41FB95287A21400079E970 /* Resources */ = {
			isa = PBXResourcesBuildPhase;
			buildActionMask = 2147483647;
			files = (
			);
			runOnlyForDeploymentPostprocessing = 0;
		};
/* End PBXResourcesBuildPhase section */

/* Begin PBXSourcesBuildPhase section */
		3A41FB74287A213E0079E970 /* Sources */ = {
			isa = PBXSourcesBuildPhase;
			buildActionMask = 2147483647;
			files = (
				3A41FC21287A471B0079E970 /* CategoryColor.swift in Sources */,
				3A41FC17287A40E00079E970 /* Currency.swift in Sources */,
				3A41FC0D287A3C050079E970 /* NSManagedObject+rawValue.swift in Sources */,
				3A41FB88287A21400079E970 /* Virpazar.xcdatamodeld in Sources */,
				3A681F4C287CBC70007A751D /* LocationObject.swift in Sources */,
				3A41FC1C287A44860079E970 /* EntityRecord+CoreDataClass.swift in Sources */,
				3A681F4E287CBD28007A751D /* LocationView.swift in Sources */,
				3A41FC25287A48510079E970 /* CategoryView.swift in Sources */,
				3A41FC30287B66370079E970 /* Item+CoreDataClass.swift in Sources */,
				3A41FB85287A21400079E970 /* PersistenceController.swift in Sources */,
				3A41FC23287A47680079E970 /* RecordType.swift in Sources */,
				3A41FC2D287A4C3F0079E970 /* StubProvider.swift in Sources */,
				3A681F5C287CDA6C007A751D /* MainView.swift in Sources */,
				3A41FC35287B71CD0079E970 /* PersistencePreview.swift in Sources */,
				3A41FB7E287A213E0079E970 /* ContentView.swift in Sources */,
				3A41FB7C287A213E0079E970 /* VirpazarApp.swift in Sources */,
				3A681F58287CD639007A751D /* RecordFormView.swift in Sources */,
				3A41FC33287B6FE40079E970 /* DataProvider.swift in Sources */,
				3A41FC1E287A44860079E970 /* Category+CoreDataClass.swift in Sources */,
			);
			runOnlyForDeploymentPostprocessing = 0;
		};
		3A41FB89287A21400079E970 /* Sources */ = {
			isa = PBXSourcesBuildPhase;
			buildActionMask = 2147483647;
			files = (
				3A41FB92287A21400079E970 /* VirpazarTests.swift in Sources */,
			);
			runOnlyForDeploymentPostprocessing = 0;
		};
		3A41FB93287A21400079E970 /* Sources */ = {
			isa = PBXSourcesBuildPhase;
			buildActionMask = 2147483647;
			files = (
				3A41FB9E287A21400079E970 /* VirpazarUITestsLaunchTests.swift in Sources */,
				3A41FB9C287A21400079E970 /* VirpazarUITests.swift in Sources */,
			);
			runOnlyForDeploymentPostprocessing = 0;
		};
/* End PBXSourcesBuildPhase section */

/* Begin PBXTargetDependency section */
		3A41FB8F287A21400079E970 /* PBXTargetDependency */ = {
			isa = PBXTargetDependency;
			target = 3A41FB77287A213E0079E970 /* Virpazar */;
			targetProxy = 3A41FB8E287A21400079E970 /* PBXContainerItemProxy */;
		};
		3A41FB99287A21400079E970 /* PBXTargetDependency */ = {
			isa = PBXTargetDependency;
			target = 3A41FB77287A213E0079E970 /* Virpazar */;
			targetProxy = 3A41FB98287A21400079E970 /* PBXContainerItemProxy */;
		};
/* End PBXTargetDependency section */

/* Begin XCBuildConfiguration section */
		3A41FB9F287A21400079E970 /* Debug */ = {
			isa = XCBuildConfiguration;
			buildSettings = {
				ALWAYS_SEARCH_USER_PATHS = NO;
				CLANG_ANALYZER_NONNULL = YES;
				CLANG_ANALYZER_NUMBER_OBJECT_CONVERSION = YES_AGGRESSIVE;
				CLANG_CXX_LANGUAGE_STANDARD = "gnu++17";
				CLANG_ENABLE_MODULES = YES;
				CLANG_ENABLE_OBJC_ARC = YES;
				CLANG_ENABLE_OBJC_WEAK = YES;
				CLANG_WARN_BLOCK_CAPTURE_AUTORELEASING = YES;
				CLANG_WARN_BOOL_CONVERSION = YES;
				CLANG_WARN_COMMA = YES;
				CLANG_WARN_CONSTANT_CONVERSION = YES;
				CLANG_WARN_DEPRECATED_OBJC_IMPLEMENTATIONS = YES;
				CLANG_WARN_DIRECT_OBJC_ISA_USAGE = YES_ERROR;
				CLANG_WARN_DOCUMENTATION_COMMENTS = YES;
				CLANG_WARN_EMPTY_BODY = YES;
				CLANG_WARN_ENUM_CONVERSION = YES;
				CLANG_WARN_INFINITE_RECURSION = YES;
				CLANG_WARN_INT_CONVERSION = YES;
				CLANG_WARN_NON_LITERAL_NULL_CONVERSION = YES;
				CLANG_WARN_OBJC_IMPLICIT_RETAIN_SELF = YES;
				CLANG_WARN_OBJC_LITERAL_CONVERSION = YES;
				CLANG_WARN_OBJC_ROOT_CLASS = YES_ERROR;
				CLANG_WARN_QUOTED_INCLUDE_IN_FRAMEWORK_HEADER = YES;
				CLANG_WARN_RANGE_LOOP_ANALYSIS = YES;
				CLANG_WARN_STRICT_PROTOTYPES = YES;
				CLANG_WARN_SUSPICIOUS_MOVE = YES;
				CLANG_WARN_UNGUARDED_AVAILABILITY = YES_AGGRESSIVE;
				CLANG_WARN_UNREACHABLE_CODE = YES;
				CLANG_WARN__DUPLICATE_METHOD_MATCH = YES;
				COPY_PHASE_STRIP = NO;
				DEBUG_INFORMATION_FORMAT = dwarf;
				ENABLE_STRICT_OBJC_MSGSEND = YES;
				ENABLE_TESTABILITY = YES;
				GCC_C_LANGUAGE_STANDARD = gnu11;
				GCC_DYNAMIC_NO_PIC = NO;
				GCC_NO_COMMON_BLOCKS = YES;
				GCC_OPTIMIZATION_LEVEL = 0;
				GCC_PREPROCESSOR_DEFINITIONS = (
					"DEBUG=1",
					"$(inherited)",
				);
				GCC_WARN_64_TO_32_BIT_CONVERSION = YES;
				GCC_WARN_ABOUT_RETURN_TYPE = YES_ERROR;
				GCC_WARN_UNDECLARED_SELECTOR = YES;
				GCC_WARN_UNINITIALIZED_AUTOS = YES_AGGRESSIVE;
				GCC_WARN_UNUSED_FUNCTION = YES;
				GCC_WARN_UNUSED_VARIABLE = YES;
				IPHONEOS_DEPLOYMENT_TARGET = 15.5;
				MTL_ENABLE_DEBUG_INFO = INCLUDE_SOURCE;
				MTL_FAST_MATH = YES;
				ONLY_ACTIVE_ARCH = YES;
				SDKROOT = iphoneos;
				SWIFT_ACTIVE_COMPILATION_CONDITIONS = DEBUG;
				SWIFT_OPTIMIZATION_LEVEL = "-Onone";
			};
			name = Debug;
		};
		3A41FBA0287A21400079E970 /* Release */ = {
			isa = XCBuildConfiguration;
			buildSettings = {
				ALWAYS_SEARCH_USER_PATHS = NO;
				CLANG_ANALYZER_NONNULL = YES;
				CLANG_ANALYZER_NUMBER_OBJECT_CONVERSION = YES_AGGRESSIVE;
				CLANG_CXX_LANGUAGE_STANDARD = "gnu++17";
				CLANG_ENABLE_MODULES = YES;
				CLANG_ENABLE_OBJC_ARC = YES;
				CLANG_ENABLE_OBJC_WEAK = YES;
				CLANG_WARN_BLOCK_CAPTURE_AUTORELEASING = YES;
				CLANG_WARN_BOOL_CONVERSION = YES;
				CLANG_WARN_COMMA = YES;
				CLANG_WARN_CONSTANT_CONVERSION = YES;
				CLANG_WARN_DEPRECATED_OBJC_IMPLEMENTATIONS = YES;
				CLANG_WARN_DIRECT_OBJC_ISA_USAGE = YES_ERROR;
				CLANG_WARN_DOCUMENTATION_COMMENTS = YES;
				CLANG_WARN_EMPTY_BODY = YES;
				CLANG_WARN_ENUM_CONVERSION = YES;
				CLANG_WARN_INFINITE_RECURSION = YES;
				CLANG_WARN_INT_CONVERSION = YES;
				CLANG_WARN_NON_LITERAL_NULL_CONVERSION = YES;
				CLANG_WARN_OBJC_IMPLICIT_RETAIN_SELF = YES;
				CLANG_WARN_OBJC_LITERAL_CONVERSION = YES;
				CLANG_WARN_OBJC_ROOT_CLASS = YES_ERROR;
				CLANG_WARN_QUOTED_INCLUDE_IN_FRAMEWORK_HEADER = YES;
				CLANG_WARN_RANGE_LOOP_ANALYSIS = YES;
				CLANG_WARN_STRICT_PROTOTYPES = YES;
				CLANG_WARN_SUSPICIOUS_MOVE = YES;
				CLANG_WARN_UNGUARDED_AVAILABILITY = YES_AGGRESSIVE;
				CLANG_WARN_UNREACHABLE_CODE = YES;
				CLANG_WARN__DUPLICATE_METHOD_MATCH = YES;
				COPY_PHASE_STRIP = NO;
				DEBUG_INFORMATION_FORMAT = "dwarf-with-dsym";
				ENABLE_NS_ASSERTIONS = NO;
				ENABLE_STRICT_OBJC_MSGSEND = YES;
				GCC_C_LANGUAGE_STANDARD = gnu11;
				GCC_NO_COMMON_BLOCKS = YES;
				GCC_WARN_64_TO_32_BIT_CONVERSION = YES;
				GCC_WARN_ABOUT_RETURN_TYPE = YES_ERROR;
				GCC_WARN_UNDECLARED_SELECTOR = YES;
				GCC_WARN_UNINITIALIZED_AUTOS = YES_AGGRESSIVE;
				GCC_WARN_UNUSED_FUNCTION = YES;
				GCC_WARN_UNUSED_VARIABLE = YES;
				IPHONEOS_DEPLOYMENT_TARGET = 15.5;
				MTL_ENABLE_DEBUG_INFO = NO;
				MTL_FAST_MATH = YES;
				SDKROOT = iphoneos;
				SWIFT_COMPILATION_MODE = wholemodule;
				SWIFT_OPTIMIZATION_LEVEL = "-O";
				VALIDATE_PRODUCT = YES;
			};
			name = Release;
		};
		3A41FBA2287A21400079E970 /* Debug */ = {
			isa = XCBuildConfiguration;
			buildSettings = {
				ASSETCATALOG_COMPILER_APPICON_NAME = AppIcon;
				ASSETCATALOG_COMPILER_GLOBAL_ACCENT_COLOR_NAME = AccentColor;
				CODE_SIGN_STYLE = Automatic;
				CURRENT_PROJECT_VERSION = 1;
				DEVELOPMENT_ASSET_PATHS = "\"Virpazar/Preview Content\"";
				DEVELOPMENT_TEAM = 9YQD9ZA92N;
				ENABLE_PREVIEWS = YES;
				GENERATE_INFOPLIST_FILE = YES;
				INFOPLIST_KEY_UIApplicationSceneManifest_Generation = YES;
				INFOPLIST_KEY_UIApplicationSupportsIndirectInputEvents = YES;
				INFOPLIST_KEY_UILaunchScreen_Generation = YES;
				INFOPLIST_KEY_UISupportedInterfaceOrientations_iPad = "UIInterfaceOrientationPortrait UIInterfaceOrientationPortraitUpsideDown UIInterfaceOrientationLandscapeLeft UIInterfaceOrientationLandscapeRight";
				INFOPLIST_KEY_UISupportedInterfaceOrientations_iPhone = "UIInterfaceOrientationPortrait UIInterfaceOrientationLandscapeLeft UIInterfaceOrientationLandscapeRight";
				LD_RUNPATH_SEARCH_PATHS = (
					"$(inherited)",
					"@executable_path/Frameworks",
				);
				MARKETING_VERSION = 1.0;
				PRODUCT_BUNDLE_IDENTIFIER = okso.Virpazar;
				PRODUCT_NAME = "$(TARGET_NAME)";
				SWIFT_EMIT_LOC_STRINGS = YES;
				SWIFT_VERSION = 5.0;
				TARGETED_DEVICE_FAMILY = 1;
			};
			name = Debug;
		};
		3A41FBA3287A21400079E970 /* Release */ = {
			isa = XCBuildConfiguration;
			buildSettings = {
				ASSETCATALOG_COMPILER_APPICON_NAME = AppIcon;
				ASSETCATALOG_COMPILER_GLOBAL_ACCENT_COLOR_NAME = AccentColor;
				CODE_SIGN_STYLE = Automatic;
				CURRENT_PROJECT_VERSION = 1;
				DEVELOPMENT_ASSET_PATHS = "\"Virpazar/Preview Content\"";
				DEVELOPMENT_TEAM = 9YQD9ZA92N;
				ENABLE_PREVIEWS = YES;
				GENERATE_INFOPLIST_FILE = YES;
				INFOPLIST_KEY_UIApplicationSceneManifest_Generation = YES;
				INFOPLIST_KEY_UIApplicationSupportsIndirectInputEvents = YES;
				INFOPLIST_KEY_UILaunchScreen_Generation = YES;
				INFOPLIST_KEY_UISupportedInterfaceOrientations_iPad = "UIInterfaceOrientationPortrait UIInterfaceOrientationPortraitUpsideDown UIInterfaceOrientationLandscapeLeft UIInterfaceOrientationLandscapeRight";
				INFOPLIST_KEY_UISupportedInterfaceOrientations_iPhone = "UIInterfaceOrientationPortrait UIInterfaceOrientationLandscapeLeft UIInterfaceOrientationLandscapeRight";
				LD_RUNPATH_SEARCH_PATHS = (
					"$(inherited)",
					"@executable_path/Frameworks",
				);
				MARKETING_VERSION = 1.0;
				PRODUCT_BUNDLE_IDENTIFIER = okso.Virpazar;
				PRODUCT_NAME = "$(TARGET_NAME)";
				SWIFT_EMIT_LOC_STRINGS = YES;
				SWIFT_VERSION = 5.0;
				TARGETED_DEVICE_FAMILY = 1;
			};
			name = Release;
		};
		3A41FBA5287A21400079E970 /* Debug */ = {
			isa = XCBuildConfiguration;
			buildSettings = {
				ALWAYS_EMBED_SWIFT_STANDARD_LIBRARIES = YES;
				BUNDLE_LOADER = "$(TEST_HOST)";
				CODE_SIGN_STYLE = Automatic;
				CURRENT_PROJECT_VERSION = 1;
				DEVELOPMENT_TEAM = 9YQD9ZA92N;
				GENERATE_INFOPLIST_FILE = YES;
				IPHONEOS_DEPLOYMENT_TARGET = 15.5;
				MARKETING_VERSION = 1.0;
				PRODUCT_BUNDLE_IDENTIFIER = okso.VirpazarTests;
				PRODUCT_NAME = "$(TARGET_NAME)";
				SWIFT_EMIT_LOC_STRINGS = NO;
				SWIFT_VERSION = 5.0;
				TARGETED_DEVICE_FAMILY = "1,2";
				TEST_HOST = "$(BUILT_PRODUCTS_DIR)/Virpazar.app/Virpazar";
			};
			name = Debug;
		};
		3A41FBA6287A21400079E970 /* Release */ = {
			isa = XCBuildConfiguration;
			buildSettings = {
				ALWAYS_EMBED_SWIFT_STANDARD_LIBRARIES = YES;
				BUNDLE_LOADER = "$(TEST_HOST)";
				CODE_SIGN_STYLE = Automatic;
				CURRENT_PROJECT_VERSION = 1;
				DEVELOPMENT_TEAM = 9YQD9ZA92N;
				GENERATE_INFOPLIST_FILE = YES;
				IPHONEOS_DEPLOYMENT_TARGET = 15.5;
				MARKETING_VERSION = 1.0;
				PRODUCT_BUNDLE_IDENTIFIER = okso.VirpazarTests;
				PRODUCT_NAME = "$(TARGET_NAME)";
				SWIFT_EMIT_LOC_STRINGS = NO;
				SWIFT_VERSION = 5.0;
				TARGETED_DEVICE_FAMILY = "1,2";
				TEST_HOST = "$(BUILT_PRODUCTS_DIR)/Virpazar.app/Virpazar";
			};
			name = Release;
		};
		3A41FBA8287A21400079E970 /* Debug */ = {
			isa = XCBuildConfiguration;
			buildSettings = {
				ALWAYS_EMBED_SWIFT_STANDARD_LIBRARIES = YES;
				CODE_SIGN_STYLE = Automatic;
				CURRENT_PROJECT_VERSION = 1;
				DEVELOPMENT_TEAM = 9YQD9ZA92N;
				GENERATE_INFOPLIST_FILE = YES;
				MARKETING_VERSION = 1.0;
				PRODUCT_BUNDLE_IDENTIFIER = okso.VirpazarUITests;
				PRODUCT_NAME = "$(TARGET_NAME)";
				SWIFT_EMIT_LOC_STRINGS = NO;
				SWIFT_VERSION = 5.0;
				TARGETED_DEVICE_FAMILY = "1,2";
				TEST_TARGET_NAME = Virpazar;
			};
			name = Debug;
		};
		3A41FBA9287A21400079E970 /* Release */ = {
			isa = XCBuildConfiguration;
			buildSettings = {
				ALWAYS_EMBED_SWIFT_STANDARD_LIBRARIES = YES;
				CODE_SIGN_STYLE = Automatic;
				CURRENT_PROJECT_VERSION = 1;
				DEVELOPMENT_TEAM = 9YQD9ZA92N;
				GENERATE_INFOPLIST_FILE = YES;
				MARKETING_VERSION = 1.0;
				PRODUCT_BUNDLE_IDENTIFIER = okso.VirpazarUITests;
				PRODUCT_NAME = "$(TARGET_NAME)";
				SWIFT_EMIT_LOC_STRINGS = NO;
				SWIFT_VERSION = 5.0;
				TARGETED_DEVICE_FAMILY = "1,2";
				TEST_TARGET_NAME = Virpazar;
			};
			name = Release;
		};
/* End XCBuildConfiguration section */

/* Begin XCConfigurationList section */
		3A41FB73287A213E0079E970 /* Build configuration list for PBXProject "Virpazar" */ = {
			isa = XCConfigurationList;
			buildConfigurations = (
				3A41FB9F287A21400079E970 /* Debug */,
				3A41FBA0287A21400079E970 /* Release */,
			);
			defaultConfigurationIsVisible = 0;
			defaultConfigurationName = Release;
		};
		3A41FBA1287A21400079E970 /* Build configuration list for PBXNativeTarget "Virpazar" */ = {
			isa = XCConfigurationList;
			buildConfigurations = (
				3A41FBA2287A21400079E970 /* Debug */,
				3A41FBA3287A21400079E970 /* Release */,
			);
			defaultConfigurationIsVisible = 0;
			defaultConfigurationName = Release;
		};
		3A41FBA4287A21400079E970 /* Build configuration list for PBXNativeTarget "VirpazarTests" */ = {
			isa = XCConfigurationList;
			buildConfigurations = (
				3A41FBA5287A21400079E970 /* Debug */,
				3A41FBA6287A21400079E970 /* Release */,
			);
			defaultConfigurationIsVisible = 0;
			defaultConfigurationName = Release;
		};
		3A41FBA7287A21400079E970 /* Build configuration list for PBXNativeTarget "VirpazarUITests" */ = {
			isa = XCConfigurationList;
			buildConfigurations = (
				3A41FBA8287A21400079E970 /* Debug */,
				3A41FBA9287A21400079E970 /* Release */,
			);
			defaultConfigurationIsVisible = 0;
			defaultConfigurationName = Release;
		};
/* End XCConfigurationList section */

/* Begin XCVersionGroup section */
		3A41FB86287A21400079E970 /* Virpazar.xcdatamodeld */ = {
			isa = XCVersionGroup;
			children = (
				3A41FB87287A21400079E970 /* Virpazar.xcdatamodel */,
			);
			currentVersion = 3A41FB87287A21400079E970 /* Virpazar.xcdatamodel */;
			path = Virpazar.xcdatamodeld;
			sourceTree = "<group>";
			versionGroupType = wrapper.xcdatamodel;
		};
/* End XCVersionGroup section */
	};
	rootObject = 3A41FB70287A213E0079E970 /* Project object */;
}
